// !$*UTF8*$!
{
	archiveVersion = 1;
	classes = {
	};
	objectVersion = 46;
	objects = {

/* Begin PBXBuildFile section */
		6FC39B3E1D8E7F6E000126A6 /* main.m in Sources */ = {isa = PBXBuildFile; fileRef = 6FC39B3D1D8E7F6E000126A6 /* main.m */; };
		6FC39B411D8E7F6E000126A6 /* AppDelegate.m in Sources */ = {isa = PBXBuildFile; fileRef = 6FC39B401D8E7F6E000126A6 /* AppDelegate.m */; };
		6FC39B441D8E7F6E000126A6 /* ViewController.m in Sources */ = {isa = PBXBuildFile; fileRef = 6FC39B431D8E7F6E000126A6 /* ViewController.m */; };
		6FC39B471D8E7F6E000126A6 /* Main.storyboard in Resources */ = {isa = PBXBuildFile; fileRef = 6FC39B451D8E7F6E000126A6 /* Main.storyboard */; };
		6FC39B491D8E7F6E000126A6 /* Assets.xcassets in Resources */ = {isa = PBXBuildFile; fileRef = 6FC39B481D8E7F6E000126A6 /* Assets.xcassets */; };
		6FC39B4C1D8E7F6E000126A6 /* LaunchScreen.storyboard in Resources */ = {isa = PBXBuildFile; fileRef = 6FC39B4A1D8E7F6E000126A6 /* LaunchScreen.storyboard */; };
		6FC39B571D8E7F6E000126A6 /* getUUIDTests.m in Sources */ = {isa = PBXBuildFile; fileRef = 6FC39B561D8E7F6E000126A6 /* getUUIDTests.m */; };
		6FC39B621D8E7F6E000126A6 /* getUUIDUITests.m in Sources */ = {isa = PBXBuildFile; fileRef = 6FC39B611D8E7F6E000126A6 /* getUUIDUITests.m */; };
/* End PBXBuildFile section */

/* Begin PBXContainerItemProxy section */
		6FC39B531D8E7F6E000126A6 /* PBXContainerItemProxy */ = {
			isa = PBXContainerItemProxy;
			containerPortal = 6FC39B311D8E7F6E000126A6 /* Project object */;
			proxyType = 1;
			remoteGlobalIDString = 6FC39B381D8E7F6E000126A6;
			remoteInfo = getUUID;
		};
		6FC39B5E1D8E7F6E000126A6 /* PBXContainerItemProxy */ = {
			isa = PBXContainerItemProxy;
			containerPortal = 6FC39B311D8E7F6E000126A6 /* Project object */;
			proxyType = 1;
			remoteGlobalIDString = 6FC39B381D8E7F6E000126A6;
			remoteInfo = getUUID;
		};
/* End PBXContainerItemProxy section */

/* Begin PBXFileReference section */
		6FC39B391D8E7F6E000126A6 /* getUUID.app */ = {isa = PBXFileReference; explicitFileType = wrapper.application; includeInIndex = 0; path = getUUID.app; sourceTree = BUILT_PRODUCTS_DIR; };
		6FC39B3D1D8E7F6E000126A6 /* main.m */ = {isa = PBXFileReference; lastKnownFileType = sourcecode.c.objc; path = main.m; sourceTree = "<group>"; };
		6FC39B3F1D8E7F6E000126A6 /* AppDelegate.h */ = {isa = PBXFileReference; lastKnownFileType = sourcecode.c.h; path = AppDelegate.h; sourceTree = "<group>"; };
		6FC39B401D8E7F6E000126A6 /* AppDelegate.m */ = {isa = PBXFileReference; lastKnownFileType = sourcecode.c.objc; path = AppDelegate.m; sourceTree = "<group>"; };
		6FC39B421D8E7F6E000126A6 /* ViewController.h */ = {isa = PBXFileReference; lastKnownFileType = sourcecode.c.h; path = ViewController.h; sourceTree = "<group>"; };
		6FC39B431D8E7F6E000126A6 /* ViewController.m */ = {isa = PBXFileReference; lastKnownFileType = sourcecode.c.objc; path = ViewController.m; sourceTree = "<group>"; };
		6FC39B461D8E7F6E000126A6 /* Base */ = {isa = PBXFileReference; lastKnownFileType = file.storyboard; name = Base; path = Base.lproj/Main.storyboard; sourceTree = "<group>"; };
		6FC39B481D8E7F6E000126A6 /* Assets.xcassets */ = {isa = PBXFileReference; lastKnownFileType = folder.assetcatalog; path = Assets.xcassets; sourceTree = "<group>"; };
		6FC39B4B1D8E7F6E000126A6 /* Base */ = {isa = PBXFileReference; lastKnownFileType = file.storyboard; name = Base; path = Base.lproj/LaunchScreen.storyboard; sourceTree = "<group>"; };
		6FC39B4D1D8E7F6E000126A6 /* Info.plist */ = {isa = PBXFileReference; lastKnownFileType = text.plist.xml; path = Info.plist; sourceTree = "<group>"; };
		6FC39B521D8E7F6E000126A6 /* getUUIDTests.xctest */ = {isa = PBXFileReference; explicitFileType = wrapper.cfbundle; includeInIndex = 0; path = getUUIDTests.xctest; sourceTree = BUILT_PRODUCTS_DIR; };
		6FC39B561D8E7F6E000126A6 /* getUUIDTests.m */ = {isa = PBXFileReference; lastKnownFileType = sourcecode.c.objc; path = getUUIDTests.m; sourceTree = "<group>"; };
		6FC39B581D8E7F6E000126A6 /* Info.plist */ = {isa = PBXFileReference; lastKnownFileType = text.plist.xml; path = Info.plist; sourceTree = "<group>"; };
		6FC39B5D1D8E7F6E000126A6 /* getUUIDUITests.xctest */ = {isa = PBXFileReference; explicitFileType = wrapper.cfbundle; includeInIndex = 0; path = getUUIDUITests.xctest; sourceTree = BUILT_PRODUCTS_DIR; };
		6FC39B611D8E7F6E000126A6 /* getUUIDUITests.m */ = {isa = PBXFileReference; lastKnownFileType = sourcecode.c.objc; path = getUUIDUITests.m; sourceTree = "<group>"; };
		6FC39B631D8E7F6E000126A6 /* Info.plist */ = {isa = PBXFileReference; lastKnownFileType = text.plist.xml; path = Info.plist; sourceTree = "<group>"; };
/* End PBXFileReference section */

/* Begin PBXFrameworksBuildPhase section */
		6FC39B361D8E7F6E000126A6 /* Frameworks */ = {
			isa = PBXFrameworksBuildPhase;
			buildActionMask = 2147483647;
			files = (
			);
			runOnlyForDeploymentPostprocessing = 0;
		};
		6FC39B4F1D8E7F6E000126A6 /* Frameworks */ = {
			isa = PBXFrameworksBuildPhase;
			buildActionMask = 2147483647;
			files = (
			);
			runOnlyForDeploymentPostprocessing = 0;
		};
		6FC39B5A1D8E7F6E000126A6 /* Frameworks */ = {
			isa = PBXFrameworksBuildPhase;
			buildActionMask = 2147483647;
			files = (
			);
			runOnlyForDeploymentPostprocessing = 0;
		};
/* End PBXFrameworksBuildPhase section */

/* Begin PBXGroup section */
		6FC39B301D8E7F6E000126A6 = {
			isa = PBXGroup;
			children = (
				6FC39B3B1D8E7F6E000126A6 /* getUUID */,
				6FC39B551D8E7F6E000126A6 /* getUUIDTests */,
				6FC39B601D8E7F6E000126A6 /* getUUIDUITests */,
				6FC39B3A1D8E7F6E000126A6 /* Products */,
			);
			sourceTree = "<group>";
		};
		6FC39B3A1D8E7F6E000126A6 /* Products */ = {
			isa = PBXGroup;
			children = (
				6FC39B391D8E7F6E000126A6 /* getUUID.app */,
				6FC39B521D8E7F6E000126A6 /* getUUIDTests.xctest */,
				6FC39B5D1D8E7F6E000126A6 /* getUUIDUITests.xctest */,
			);
			name = Products;
			sourceTree = "<group>";
		};
		6FC39B3B1D8E7F6E000126A6 /* getUUID */ = {
			isa = PBXGroup;
			children = (
				6FC39B3F1D8E7F6E000126A6 /* AppDelegate.h */,
				6FC39B401D8E7F6E000126A6 /* AppDelegate.m */,
				6FC39B421D8E7F6E000126A6 /* ViewController.h */,
				6FC39B431D8E7F6E000126A6 /* ViewController.m */,
				6FC39B451D8E7F6E000126A6 /* Main.storyboard */,
				6FC39B481D8E7F6E000126A6 /* Assets.xcassets */,
				6FC39B4A1D8E7F6E000126A6 /* LaunchScreen.storyboard */,
				6FC39B4D1D8E7F6E000126A6 /* Info.plist */,
				6FC39B3C1D8E7F6E000126A6 /* Supporting Files */,
			);
			path = getUUID;
			sourceTree = "<group>";
		};
		6FC39B3C1D8E7F6E000126A6 /* Supporting Files */ = {
			isa = PBXGroup;
			children = (
				6FC39B3D1D8E7F6E000126A6 /* main.m */,
			);
			name = "Supporting Files";
			sourceTree = "<group>";
		};
		6FC39B551D8E7F6E000126A6 /* getUUIDTests */ = {
			isa = PBXGroup;
			children = (
				6FC39B561D8E7F6E000126A6 /* getUUIDTests.m */,
				6FC39B581D8E7F6E000126A6 /* Info.plist */,
			);
			path = getUUIDTests;
			sourceTree = "<group>";
		};
		6FC39B601D8E7F6E000126A6 /* getUUIDUITests */ = {
			isa = PBXGroup;
			children = (
				6FC39B611D8E7F6E000126A6 /* getUUIDUITests.m */,
				6FC39B631D8E7F6E000126A6 /* Info.plist */,
			);
			path = getUUIDUITests;
			sourceTree = "<group>";
		};
/* End PBXGroup section */

/* Begin PBXNativeTarget section */
		6FC39B381D8E7F6E000126A6 /* getUUID */ = {
			isa = PBXNativeTarget;
			buildConfigurationList = 6FC39B661D8E7F6E000126A6 /* Build configuration list for PBXNativeTarget "getUUID" */;
			buildPhases = (
				6FC39B351D8E7F6E000126A6 /* Sources */,
				6FC39B361D8E7F6E000126A6 /* Frameworks */,
				6FC39B371D8E7F6E000126A6 /* Resources */,
			);
			buildRules = (
			);
			dependencies = (
			);
			name = getUUID;
			productName = getUUID;
			productReference = 6FC39B391D8E7F6E000126A6 /* getUUID.app */;
			productType = "com.apple.product-type.application";
		};
		6FC39B511D8E7F6E000126A6 /* getUUIDTests */ = {
			isa = PBXNativeTarget;
			buildConfigurationList = 6FC39B691D8E7F6E000126A6 /* Build configuration list for PBXNativeTarget "getUUIDTests" */;
			buildPhases = (
				6FC39B4E1D8E7F6E000126A6 /* Sources */,
				6FC39B4F1D8E7F6E000126A6 /* Frameworks */,
				6FC39B501D8E7F6E000126A6 /* Resources */,
			);
			buildRules = (
			);
			dependencies = (
				6FC39B541D8E7F6E000126A6 /* PBXTargetDependency */,
			);
			name = getUUIDTests;
			productName = getUUIDTests;
			productReference = 6FC39B521D8E7F6E000126A6 /* getUUIDTests.xctest */;
			productType = "com.apple.product-type.bundle.unit-test";
		};
		6FC39B5C1D8E7F6E000126A6 /* getUUIDUITests */ = {
			isa = PBXNativeTarget;
			buildConfigurationList = 6FC39B6C1D8E7F6E000126A6 /* Build configuration list for PBXNativeTarget "getUUIDUITests" */;
			buildPhases = (
				6FC39B591D8E7F6E000126A6 /* Sources */,
				6FC39B5A1D8E7F6E000126A6 /* Frameworks */,
				6FC39B5B1D8E7F6E000126A6 /* Resources */,
			);
			buildRules = (
			);
			dependencies = (
				6FC39B5F1D8E7F6E000126A6 /* PBXTargetDependency */,
			);
			name = getUUIDUITests;
			productName = getUUIDUITests;
			productReference = 6FC39B5D1D8E7F6E000126A6 /* getUUIDUITests.xctest */;
			productType = "com.apple.product-type.bundle.ui-testing";
		};
/* End PBXNativeTarget section */

/* Begin PBXProject section */
		6FC39B311D8E7F6E000126A6 /* Project object */ = {
			isa = PBXProject;
			attributes = {
				LastUpgradeCheck = 0730;
				ORGANIZATIONNAME = CKLPronetway;
				TargetAttributes = {
					6FC39B381D8E7F6E000126A6 = {
						CreatedOnToolsVersion = 7.3.1;
					};
					6FC39B511D8E7F6E000126A6 = {
						CreatedOnToolsVersion = 7.3.1;
						TestTargetID = 6FC39B381D8E7F6E000126A6;
					};
					6FC39B5C1D8E7F6E000126A6 = {
						CreatedOnToolsVersion = 7.3.1;
						TestTargetID = 6FC39B381D8E7F6E000126A6;
					};
				};
			};
			buildConfigurationList = 6FC39B341D8E7F6E000126A6 /* Build configuration list for PBXProject "getUUID" */;
			compatibilityVersion = "Xcode 3.2";
			developmentRegion = English;
			hasScannedForEncodings = 0;
			knownRegions = (
				en,
				Base,
			);
			mainGroup = 6FC39B301D8E7F6E000126A6;
			productRefGroup = 6FC39B3A1D8E7F6E000126A6 /* Products */;
			projectDirPath = "";
			projectRoot = "";
			targets = (
				6FC39B381D8E7F6E000126A6 /* getUUID */,
				6FC39B511D8E7F6E000126A6 /* getUUIDTests */,
				6FC39B5C1D8E7F6E000126A6 /* getUUIDUITests */,
			);
		};
/* End PBXProject section */

/* Begin PBXResourcesBuildPhase section */
		6FC39B371D8E7F6E000126A6 /* Resources */ = {
			isa = PBXResourcesBuildPhase;
			buildActionMask = 2147483647;
			files = (
				6FC39B4C1D8E7F6E000126A6 /* LaunchScreen.storyboard in Resources */,
				6FC39B491D8E7F6E000126A6 /* Assets.xcassets in Resources */,
				6FC39B471D8E7F6E000126A6 /* Main.storyboard in Resources */,
			);
			runOnlyForDeploymentPostprocessing = 0;
		};
		6FC39B501D8E7F6E000126A6 /* Resources */ = {
			isa = PBXResourcesBuildPhase;
			buildActionMask = 2147483647;
			files = (
			);
			runOnlyForDeploymentPostprocessing = 0;
		};
		6FC39B5B1D8E7F6E000126A6 /* Resources */ = {
			isa = PBXResourcesBuildPhase;
			buildActionMask = 2147483647;
			files = (
			);
			runOnlyForDeploymentPostprocessing = 0;
		};
/* End PBXResourcesBuildPhase section */

/* Begin PBXSourcesBuildPhase section */
		6FC39B351D8E7F6E000126A6 /* Sources */ = {
			isa = PBXSourcesBuildPhase;
			buildActionMask = 2147483647;
			files = (
				6FC39B441D8E7F6E000126A6 /* ViewController.m in Sources */,
				6FC39B411D8E7F6E000126A6 /* AppDelegate.m in Sources */,
				6FC39B3E1D8E7F6E000126A6 /* main.m in Sources */,
			);
			runOnlyForDeploymentPostprocessing = 0;
		};
		6FC39B4E1D8E7F6E000126A6 /* Sources */ = {
			isa = PBXSourcesBuildPhase;
			buildActionMask = 2147483647;
			files = (
				6FC39B571D8E7F6E000126A6 /* getUUIDTests.m in Sources */,
			);
			runOnlyForDeploymentPostprocessing = 0;
		};
		6FC39B591D8E7F6E000126A6 /* Sources */ = {
			isa = PBXSourcesBuildPhase;
			buildActionMask = 2147483647;
			files = (
				6FC39B621D8E7F6E000126A6 /* getUUIDUITests.m in Sources */,
			);
			runOnlyForDeploymentPostprocessing = 0;
		};
/* End PBXSourcesBuildPhase section */

/* Begin PBXTargetDependency section */
		6FC39B541D8E7F6E000126A6 /* PBXTargetDependency */ = {
			isa = PBXTargetDependency;
			target = 6FC39B381D8E7F6E000126A6 /* getUUID */;
			targetProxy = 6FC39B531D8E7F6E000126A6 /* PBXContainerItemProxy */;
		};
		6FC39B5F1D8E7F6E000126A6 /* PBXTargetDependency */ = {
			isa = PBXTargetDependency;
			target = 6FC39B381D8E7F6E000126A6 /* getUUID */;
			targetProxy = 6FC39B5E1D8E7F6E000126A6 /* PBXContainerItemProxy */;
		};
/* End PBXTargetDependency section */

/* Begin PBXVariantGroup section */
		6FC39B451D8E7F6E000126A6 /* Main.storyboard */ = {
			isa = PBXVariantGroup;
			children = (
				6FC39B461D8E7F6E000126A6 /* Base */,
			);
			name = Main.storyboard;
			sourceTree = "<group>";
		};
		6FC39B4A1D8E7F6E000126A6 /* LaunchScreen.storyboard */ = {
			isa = PBXVariantGroup;
			children = (
				6FC39B4B1D8E7F6E000126A6 /* Base */,
			);
			name = LaunchScreen.storyboard;
			sourceTree = "<group>";
		};
/* End PBXVariantGroup section */

/* Begin XCBuildConfiguration section */
		6FC39B641D8E7F6E000126A6 /* Debug */ = {
			isa = XCBuildConfiguration;
			buildSettings = {
				ALWAYS_SEARCH_USER_PATHS = NO;
				CLANG_ANALYZER_NONNULL = YES;
				CLANG_CXX_LANGUAGE_STANDARD = "gnu++0x";
				CLANG_CXX_LIBRARY = "libc++";
				CLANG_ENABLE_MODULES = YES;
				CLANG_ENABLE_OBJC_ARC = YES;
				CLANG_WARN_BOOL_CONVERSION = YES;
				CLANG_WARN_CONSTANT_CONVERSION = YES;
				CLANG_WARN_DIRECT_OBJC_ISA_USAGE = YES_ERROR;
				CLANG_WARN_EMPTY_BODY = YES;
				CLANG_WARN_ENUM_CONVERSION = YES;
				CLANG_WARN_INT_CONVERSION = YES;
				CLANG_WARN_OBJC_ROOT_CLASS = YES_ERROR;
				CLANG_WARN_UNREACHABLE_CODE = YES;
				CLANG_WARN__DUPLICATE_METHOD_MATCH = YES;
				"CODE_SIGN_IDENTITY[sdk=iphoneos*]" = "iPhone Developer";
				COPY_PHASE_STRIP = NO;
				DEBUG_INFORMATION_FORMAT = dwarf;
				ENABLE_STRICT_OBJC_MSGSEND = YES;
				ENABLE_TESTABILITY = YES;
				GCC_C_LANGUAGE_STANDARD = gnu99;
				GCC_DYNAMIC_NO_PIC = NO;
				GCC_NO_COMMON_BLOCKS = YES;
				GCC_OPTIMIZATION_LEVEL = 0;
				GCC_PREPROCESSOR_DEFINITIONS = (
					"DEBUG=1",
					"$(inherited)",
				);
				GCC_WARN_64_TO_32_BIT_CONVERSION = YES;
				GCC_WARN_ABOUT_RETURN_TYPE = YES_ERROR;
				GCC_WARN_UNDECLARED_SELECTOR = YES;
				GCC_WARN_UNINITIALIZED_AUTOS = YES_AGGRESSIVE;
				GCC_WARN_UNUSED_FUNCTION = YES;
				GCC_WARN_UNUSED_VARIABLE = YES;
				IPHONEOS_DEPLOYMENT_TARGET = 9.3;
				MTL_ENABLE_DEBUG_INFO = YES;
				ONLY_ACTIVE_ARCH = YES;
				SDKROOT = iphoneos;
			};
			name = Debug;
		};
		6FC39B651D8E7F6E000126A6 /* Release */ = {
			isa = XCBuildConfiguration;
			buildSettings = {
				ALWAYS_SEARCH_USER_PATHS = NO;
				CLANG_ANALYZER_NONNULL = YES;
				CLANG_CXX_LANGUAGE_STANDARD = "gnu++0x";
				CLANG_CXX_LIBRARY = "libc++";
				CLANG_ENABLE_MODULES = YES;
				CLANG_ENABLE_OBJC_ARC = YES;
				CLANG_WARN_BOOL_CONVERSION = YES;
				CLANG_WARN_CONSTANT_CONVERSION = YES;
				CLANG_WARN_DIRECT_OBJC_ISA_USAGE = YES_ERROR;
				CLANG_WARN_EMPTY_BODY = YES;
				CLANG_WARN_ENUM_CONVERSION = YES;
				CLANG_WARN_INT_CONVERSION = YES;
				CLANG_WARN_OBJC_ROOT_CLASS = YES_ERROR;
				CLANG_WARN_UNREACHABLE_CODE = YES;
				CLANG_WARN__DUPLICATE_METHOD_MATCH = YES;
				"CODE_SIGN_IDENTITY[sdk=iphoneos*]" = "iPhone Developer";
				COPY_PHASE_STRIP = NO;
				DEBUG_INFORMATION_FORMAT = "dwarf-with-dsym";
				ENABLE_NS_ASSERTIONS = NO;
				ENABLE_STRICT_OBJC_MSGSEND = YES;
				GCC_C_LANGUAGE_STANDARD = gnu99;
				GCC_NO_COMMON_BLOCKS = YES;
				GCC_WARN_64_TO_32_BIT_CONVERSION = YES;
				GCC_WARN_ABOUT_RETURN_TYPE = YES_ERROR;
				GCC_WARN_UNDECLARED_SELECTOR = YES;
				GCC_WARN_UNINITIALIZED_AUTOS = YES_AGGRESSIVE;
				GCC_WARN_UNUSED_FUNCTION = YES;
				GCC_WARN_UNUSED_VARIABLE = YES;
				IPHONEOS_DEPLOYMENT_TARGET = 9.3;
				MTL_ENABLE_DEBUG_INFO = NO;
				SDKROOT = iphoneos;
				VALIDATE_PRODUCT = YES;
			};
			name = Release;
		};
		6FC39B671D8E7F6E000126A6 /* Debug */ = {
			isa = XCBuildConfiguration;
			buildSettings = {
				ASSETCATALOG_COMPILER_APPICON_NAME = AppIcon;
				INFOPLIST_FILE = getUUID/Info.plist;
				LD_RUNPATH_SEARCH_PATHS = "$(inherited) @executable_path/Frameworks";
				PRODUCT_BUNDLE_IDENTIFIER = pronetway.getUUID;
				PRODUCT_NAME = "$(TARGET_NAME)";
			};
			name = Debug;
		};
		6FC39B681D8E7F6E000126A6 /* Release */ = {
			isa = XCBuildConfiguration;
			buildSettings = {
				ASSETCATALOG_COMPILER_APPICON_NAME = AppIcon;
				INFOPLIST_FILE = getUUID/Info.plist;
				LD_RUNPATH_SEARCH_PATHS = "$(inherited) @executable_path/Frameworks";
				PRODUCT_BUNDLE_IDENTIFIER = pronetway.getUUID;
				PRODUCT_NAME = "$(TARGET_NAME)";
			};
			name = Release;
		};
		6FC39B6A1D8E7F6E000126A6 /* Debug */ = {
			isa = XCBuildConfiguration;
			buildSettings = {
				BUNDLE_LOADER = "$(TEST_HOST)";
				INFOPLIST_FILE = getUUIDTests/Info.plist;
				LD_RUNPATH_SEARCH_PATHS = "$(inherited) @executable_path/Frameworks @loader_path/Frameworks";
				PRODUCT_BUNDLE_IDENTIFIER = pronetway.getUUIDTests;
				PRODUCT_NAME = "$(TARGET_NAME)";
				TEST_HOST = "$(BUILT_PRODUCTS_DIR)/getUUID.app/getUUID";
			};
			name = Debug;
		};
		6FC39B6B1D8E7F6E000126A6 /* Release */ = {
			isa = XCBuildConfiguration;
			buildSettings = {
				BUNDLE_LOADER = "$(TEST_HOST)";
				INFOPLIST_FILE = getUUIDTests/Info.plist;
				LD_RUNPATH_SEARCH_PATHS = "$(inherited) @executable_path/Frameworks @loader_path/Frameworks";
				PRODUCT_BUNDLE_IDENTIFIER = pronetway.getUUIDTests;
				PRODUCT_NAME = "$(TARGET_NAME)";
				TEST_HOST = "$(BUILT_PRODUCTS_DIR)/getUUID.app/getUUID";
			};
			name = Release;
		};
		6FC39B6D1D8E7F6E000126A6 /* Debug */ = {
			isa = XCBuildConfiguration;
			buildSettings = {
				INFOPLIST_FILE = getUUIDUITests/Info.plist;
				LD_RUNPATH_SEARCH_PATHS = "$(inherited) @executable_path/Frameworks @loader_path/Frameworks";
				PRODUCT_BUNDLE_IDENTIFIER = pronetway.getUUIDUITests;
				PRODUCT_NAME = "$(TARGET_NAME)";
				TEST_TARGET_NAME = getUUID;
			};
			name = Debug;
		};
		6FC39B6E1D8E7F6E000126A6 /* Release */ = {
			isa = XCBuildConfiguration;
			buildSettings = {
				INFOPLIST_FILE = getUUIDUITests/Info.plist;
				LD_RUNPATH_SEARCH_PATHS = "$(inherited) @executable_path/Frameworks @loader_path/Frameworks";
				PRODUCT_BUNDLE_IDENTIFIER = pronetway.getUUIDUITests;
				PRODUCT_NAME = "$(TARGET_NAME)";
				TEST_TARGET_NAME = getUUID;
			};
			name = Release;
		};
/* End XCBuildConfiguration section */

/* Begin XCConfigurationList section */
		6FC39B341D8E7F6E000126A6 /* Build configuration list for PBXProject "getUUID" */ = {
			isa = XCConfigurationList;
			buildConfigurations = (
				6FC39B641D8E7F6E000126A6 /* Debug */,
				6FC39B651D8E7F6E000126A6 /* Release */,
			);
			defaultConfigurationIsVisible = 0;
			defaultConfigurationName = Release;
		};
		6FC39B661D8E7F6E000126A6 /* Build configuration list for PBXNativeTarget "getUUID" */ = {
			isa = XCConfigurationList;
			buildConfigurations = (
				6FC39B671D8E7F6E000126A6 /* Debug */,
				6FC39B681D8E7F6E000126A6 /* Release */,
			);
			defaultConfigurationIsVisible = 0;
		};
		6FC39B691D8E7F6E000126A6 /* Build configuration list for PBXNativeTarget "getUUIDTests" */ = {
			isa = XCConfigurationList;
			buildConfigurations = (
				6FC39B6A1D8E7F6E000126A6 /* Debug */,
				6FC39B6B1D8E7F6E000126A6 /* Release */,
			);
			defaultConfigurationIsVisible = 0;
		};
		6FC39B6C1D8E7F6E000126A6 /* Build configuration list for PBXNativeTarget "getUUIDUITests" */ = {
			isa = XCConfigurationList;
			buildConfigurations = (
				6FC39B6D1D8E7F6E000126A6 /* Debug */,
				6FC39B6E1D8E7F6E000126A6 /* Release */,
			);
			defaultConfigurationIsVisible = 0;
		};
/* End XCConfigurationList section */
	};
	rootObject = 6FC39B311D8E7F6E000126A6 /* Project object */;
}
